
Microsoft Visual Studio Solution File, Format Version 12.00
# Visual Studio Version 17
VisualStudioVersion = 17.2.32616.157
MinimumVisualStudioVersion = 10.0.40219.1
Project("{FAE04EC0-301F-11D3-BF4B-00C04F79EFBC}") = "jasonOates_MessagingApp.UWP", "jasonOates_MessagingApp\jasonOates_MessagingApp.UWP\jasonOates_MessagingApp.UWP.csproj", "{24C3806A-5575-49E9-A90E-FBADC86E7AA8}"
EndProject
Project("{FAE04EC0-301F-11D3-BF4B-00C04F79EFBC}") = "jasonOates_MessagingApp.Android", "jasonOates_MessagingApp\jasonOates_MessagingApp.Android\jasonOates_MessagingApp.Android.csproj", "{ABA0F9E5-9F88-4340-88A5-6698B8AE4982}"
EndProject
Project("{FAE04EC0-301F-11D3-BF4B-00C04F79EFBC}") = "jasonOates_MessagingApp.iOS", "jasonOates_MessagingApp\jasonOates_MessagingApp.iOS\jasonOates_MessagingApp.iOS.csproj", "{CB8C4637-189A-41DB-81D8-86F6525A72C6}"
EndProject
Project("{FAE04EC0-301F-11D3-BF4B-00C04F79EFBC}") = "jasonOates_MessagingApp", "jasonOates_MessagingApp\jasonOates_MessagingApp\jasonOates_MessagingApp.csproj", "{8CF08347-21CC-4392-AD9E-3175196BAA1C}"
EndProject
Global
	GlobalSection(SolutionConfigurationPlatforms) = preSolution
		Debug|Any CPU = Debug|Any CPU
		Debug|ARM = Debug|ARM
		Debug|iPhone = Debug|iPhone
		Debug|iPhoneSimulator = Debug|iPhoneSimulator
		Debug|x64 = Debug|x64
		Debug|x86 = Debug|x86
		Release|Any CPU = Release|Any CPU
		Release|ARM = Release|ARM
		Release|iPhone = Release|iPhone
		Release|iPhoneSimulator = Release|iPhoneSimulator
		Release|x64 = Release|x64
		Release|x86 = Release|x86
	EndGlobalSection
	GlobalSection(ProjectConfigurationPlatforms) = postSolution
		{24C3806A-5575-49E9-A90E-FBADC86E7AA8}.Debug|Any CPU.ActiveCfg = Debug|x64
		{24C3806A-5575-49E9-A90E-FBADC86E7AA8}.Debug|Any CPU.Build.0 = Debug|x64
		{24C3806A-5575-49E9-A90E-FBADC86E7AA8}.Debug|Any CPU.Deploy.0 = Debug|x64
		{24C3806A-5575-49E9-A90E-FBADC86E7AA8}.Debug|ARM.ActiveCfg = Debug|ARM
		{24C3806A-5575-49E9-A90E-FBADC86E7AA8}.Debug|ARM.Build.0 = Debug|ARM
		{24C3806A-5575-49E9-A90E-FBADC86E7AA8}.Debug|ARM.Deploy.0 = Debug|ARM
		{24C3806A-5575-49E9-A90E-FBADC86E7AA8}.Debug|iPhone.ActiveCfg = Debug|x64
		{24C3806A-5575-49E9-A90E-FBADC86E7AA8}.Debug|iPhone.Build.0 = Debug|x64
		{24C3806A-5575-49E9-A90E-FBADC86E7AA8}.Debug|iPhone.Deploy.0 = Debug|x64
		{24C3806A-5575-49E9-A90E-FBADC86E7AA8}.Debug|iPhoneSimulator.ActiveCfg = Debug|x64
		{24C3806A-5575-49E9-A90E-FBADC86E7AA8}.Debug|iPhoneSimulator.Build.0 = Debug|x64
		{24C3806A-5575-49E9-A90E-FBADC86E7AA8}.Debug|iPhoneSimulator.Deploy.0 = Debug|x64
		{24C3806A-5575-49E9-A90E-FBADC86E7AA8}.Debug|x64.ActiveCfg = Debug|x64
		{24C3806A-5575-49E9-A90E-FBADC86E7AA8}.Debug|x64.Build.0 = Debug|x64
		{24C3806A-5575-49E9-A90E-FBADC86E7AA8}.Debug|x64.Deploy.0 = Debug|x64
		{24C3806A-5575-49E9-A90E-FBADC86E7AA8}.Debug|x86.ActiveCfg = Debug|x86
		{24C3806A-5575-49E9-A90E-FBADC86E7AA8}.Debug|x86.Build.0 = Debug|x86
		{24C3806A-5575-49E9-A90E-FBADC86E7AA8}.Debug|x86.Deploy.0 = Debug|x86
		{24C3806A-5575-49E9-A90E-FBADC86E7AA8}.Release|Any CPU.ActiveCfg = Release|x64
		{24C3806A-5575-49E9-A90E-FBADC86E7AA8}.Release|Any CPU.Build.0 = Release|x64
		{24C3806A-5575-49E9-A90E-FBADC86E7AA8}.Release|Any CPU.Deploy.0 = Release|x64
		{24C3806A-5575-49E9-A90E-FBADC86E7AA8}.Release|ARM.ActiveCfg = Release|ARM
		{24C3806A-5575-49E9-A90E-FBADC86E7AA8}.Release|ARM.Build.0 = Release|ARM
		{24C3806A-5575-49E9-A90E-FBADC86E7AA8}.Release|ARM.Deploy.0 = Release|ARM
		{24C3806A-5575-49E9-A90E-FBADC86E7AA8}.Release|iPhone.ActiveCfg = Release|x64
		{24C3806A-5575-49E9-A90E-FBADC86E7AA8}.Release|iPhone.Build.0 = Release|x64
		{24C3806A-5575-49E9-A90E-FBADC86E7AA8}.Release|iPhone.Deploy.0 = Release|x64
		{24C3806A-5575-49E9-A90E-FBADC86E7AA8}.Release|iPhoneSimulator.ActiveCfg = Release|x64
		{24C3806A-5575-49E9-A90E-FBADC86E7AA8}.Release|iPhoneSimulator.Build.0 = Release|x64
		{24C3806A-5575-49E9-A90E-FBADC86E7AA8}.Release|iPhoneSimulator.Deploy.0 = Release|x64
		{24C3806A-5575-49E9-A90E-FBADC86E7AA8}.Release|x64.ActiveCfg = Release|x64
		{24C3806A-5575-49E9-A90E-FBADC86E7AA8}.Release|x64.Build.0 = Release|x64
		{24C3806A-5575-49E9-A90E-FBADC86E7AA8}.Release|x64.Deploy.0 = Release|x64
		{24C3806A-5575-49E9-A90E-FBADC86E7AA8}.Release|x86.ActiveCfg = Release|x86
		{24C3806A-5575-49E9-A90E-FBADC86E7AA8}.Release|x86.Build.0 = Release|x86
		{24C3806A-5575-49E9-A90E-FBADC86E7AA8}.Release|x86.Deploy.0 = Release|x86
		{ABA0F9E5-9F88-4340-88A5-6698B8AE4982}.Debug|Any CPU.ActiveCfg = Debug|Any CPU
		{ABA0F9E5-9F88-4340-88A5-6698B8AE4982}.Debug|Any CPU.Build.0 = Debug|Any CPU
		{ABA0F9E5-9F88-4340-88A5-6698B8AE4982}.Debug|Any CPU.Deploy.0 = Debug|Any CPU
		{ABA0F9E5-9F88-4340-88A5-6698B8AE4982}.Debug|ARM.ActiveCfg = Debug|Any CPU
		{ABA0F9E5-9F88-4340-88A5-6698B8AE4982}.Debug|ARM.Build.0 = Debug|Any CPU
		{ABA0F9E5-9F88-4340-88A5-6698B8AE4982}.Debug|ARM.Deploy.0 = Debug|Any CPU
		{ABA0F9E5-9F88-4340-88A5-6698B8AE4982}.Debug|iPhone.ActiveCfg = Debug|Any CPU
		{ABA0F9E5-9F88-4340-88A5-6698B8AE4982}.Debug|iPhone.Build.0 = Debug|Any CPU
		{ABA0F9E5-9F88-4340-88A5-6698B8AE4982}.Debug|iPhone.Deploy.0 = Debug|Any CPU
		{ABA0F9E5-9F88-4340-88A5-6698B8AE4982}.Debug|iPhoneSimulator.ActiveCfg = Debug|Any CPU
		{ABA0F9E5-9F88-4340-88A5-6698B8AE4982}.Debug|iPhoneSimulator.Build.0 = Debug|Any CPU
		{ABA0F9E5-9F88-4340-88A5-6698B8AE4982}.Debug|iPhoneSimulator.Deploy.0 = Debug|Any CPU
		{ABA0F9E5-9F88-4340-88A5-6698B8AE4982}.Debug|x64.ActiveCfg = Debug|Any CPU
		{ABA0F9E5-9F88-4340-88A5-6698B8AE4982}.Debug|x64.Build.0 = Debug|Any CPU
		{ABA0F9E5-9F88-4340-88A5-6698B8AE4982}.Debug|x64.Deploy.0 = Debug|Any CPU
		{ABA0F9E5-9F88-4340-88A5-6698B8AE4982}.Debug|x86.ActiveCfg = Debug|Any CPU
		{ABA0F9E5-9F88-4340-88A5-6698B8AE4982}.Debug|x86.Build.0 = Debug|Any CPU
		{ABA0F9E5-9F88-4340-88A5-6698B8AE4982}.Debug|x86.Deploy.0 = Debug|Any CPU
		{ABA0F9E5-9F88-4340-88A5-6698B8AE4982}.Release|Any CPU.ActiveCfg = Release|Any CPU
		{ABA0F9E5-9F88-4340-88A5-6698B8AE4982}.Release|Any CPU.Build.0 = Release|Any CPU
		{ABA0F9E5-9F88-4340-88A5-6698B8AE4982}.Release|Any CPU.Deploy.0 = Release|Any CPU
		{ABA0F9E5-9F88-4340-88A5-6698B8AE4982}.Release|ARM.ActiveCfg = Release|Any CPU
		{ABA0F9E5-9F88-4340-88A5-6698B8AE4982}.Release|ARM.Build.0 = Release|Any CPU
		{ABA0F9E5-9F88-4340-88A5-6698B8AE4982}.Release|ARM.Deploy.0 = Release|Any CPU
		{ABA0F9E5-9F88-4340-88A5-6698B8AE4982}.Release|iPhone.ActiveCfg = Release|Any CPU
		{ABA0F9E5-9F88-4340-88A5-6698B8AE4982}.Release|iPhone.Build.0 = Release|Any CPU
		{ABA0F9E5-9F88-4340-88A5-6698B8AE4982}.Release|iPhone.Deploy.0 = Release|Any CPU
		{ABA0F9E5-9F88-4340-88A5-6698B8AE4982}.Release|iPhoneSimulator.ActiveCfg = Release|Any CPU
		{ABA0F9E5-9F88-4340-88A5-6698B8AE4982}.Release|iPhoneSimulator.Build.0 = Release|Any CPU
		{ABA0F9E5-9F88-4340-88A5-6698B8AE4982}.Release|iPhoneSimulator.Deploy.0 = Release|Any CPU
		{ABA0F9E5-9F88-4340-88A5-6698B8AE4982}.Release|x64.ActiveCfg = Release|Any CPU
		{ABA0F9E5-9F88-4340-88A5-6698B8AE4982}.Release|x64.Build.0 = Release|Any CPU
		{ABA0F9E5-9F88-4340-88A5-6698B8AE4982}.Release|x64.Deploy.0 = Release|Any CPU
		{ABA0F9E5-9F88-4340-88A5-6698B8AE4982}.Release|x86.ActiveCfg = Release|Any CPU
		{ABA0F9E5-9F88-4340-88A5-6698B8AE4982}.Release|x86.Build.0 = Release|Any CPU
		{ABA0F9E5-9F88-4340-88A5-6698B8AE4982}.Release|x86.Deploy.0 = Release|Any CPU
		{CB8C4637-189A-41DB-81D8-86F6525A72C6}.Debug|Any CPU.ActiveCfg = Debug|iPhoneSimulator
		{CB8C4637-189A-41DB-81D8-86F6525A72C6}.Debug|Any CPU.Build.0 = Debug|iPhoneSimulator
		{CB8C4637-189A-41DB-81D8-86F6525A72C6}.Debug|Any CPU.Deploy.0 = Debug|iPhoneSimulator
		{CB8C4637-189A-41DB-81D8-86F6525A72C6}.Debug|ARM.ActiveCfg = Debug|iPhoneSimulator
		{CB8C4637-189A-41DB-81D8-86F6525A72C6}.Debug|ARM.Build.0 = Debug|iPhoneSimulator
		{CB8C4637-189A-41DB-81D8-86F6525A72C6}.Debug|ARM.Deploy.0 = Debug|iPhoneSimulator
		{CB8C4637-189A-41DB-81D8-86F6525A72C6}.Debug|iPhone.ActiveCfg = Debug|iPhone
		{CB8C4637-189A-41DB-81D8-86F6525A72C6}.Debug|iPhone.Build.0 = Debug|iPhone
		{CB8C4637-189A-41DB-81D8-86F6525A72C6}.Debug|iPhone.Deploy.0 = Debug|iPhone
		{CB8C4637-189A-41DB-81D8-86F6525A72C6}.Debug|iPhoneSimulator.ActiveCfg = Debug|iPhoneSimulator
		{CB8C4637-189A-41DB-81D8-86F6525A72C6}.Debug|iPhoneSimulator.Build.0 = Debug|iPhoneSimulator
		{CB8C4637-189A-41DB-81D8-86F6525A72C6}.Debug|iPhoneSimulator.Deploy.0 = Debug|iPhoneSimulator
		{CB8C4637-189A-41DB-81D8-86F6525A72C6}.Debug|x64.ActiveCfg = Debug|iPhone
		{CB8C4637-189A-41DB-81D8-86F6525A72C6}.Debug|x64.Build.0 = Debug|iPhone
		{CB8C4637-189A-41DB-81D8-86F6525A72C6}.Debug|x64.Deploy.0 = Debug|iPhone
		{CB8C4637-189A-41DB-81D8-86F6525A72C6}.Debug|x86.ActiveCfg = Debug|iPhoneSimulator
		{CB8C4637-189A-41DB-81D8-86F6525A72C6}.Debug|x86.Build.0 = Debug|iPhoneSimulator
		{CB8C4637-189A-41DB-81D8-86F6525A72C6}.Debug|x86.Deploy.0 = Debug|iPhoneSimulator
		{CB8C4637-189A-41DB-81D8-86F6525A72C6}.Release|Any CPU.ActiveCfg = Release|iPhoneSimulator
		{CB8C4637-189A-41DB-81D8-86F6525A72C6}.Release|Any CPU.Build.0 = Release|iPhoneSimulator
		{CB8C4637-189A-41DB-81D8-86F6525A72C6}.Release|Any CPU.Deploy.0 = Release|iPhoneSimulator
		{CB8C4637-189A-41DB-81D8-86F6525A72C6}.Release|ARM.ActiveCfg = Release|iPhoneSimulator
		{CB8C4637-189A-41DB-81D8-86F6525A72C6}.Release|ARM.Build.0 = Release|iPhoneSimulator
		{CB8C4637-189A-41DB-81D8-86F6525A72C6}.Release|ARM.Deploy.0 = Release|iPhoneSimulator
		{CB8C4637-189A-41DB-81D8-86F6525A72C6}.Release|iPhone.ActiveCfg = Release|iPhone
		{CB8C4637-189A-41DB-81D8-86F6525A72C6}.Release|iPhone.Build.0 = Release|iPhone
		{CB8C4637-189A-41DB-81D8-86F6525A72C6}.Release|iPhone.Deploy.0 = Release|iPhone
		{CB8C4637-189A-41DB-81D8-86F6525A72C6}.Release|iPhoneSimulator.ActiveCfg = Release|iPhoneSimulator
		{CB8C4637-189A-41DB-81D8-86F6525A72C6}.Release|iPhoneSimulator.Build.0 = Release|iPhoneSimulator
		{CB8C4637-189A-41DB-81D8-86F6525A72C6}.Release|iPhoneSimulator.Deploy.0 = Release|iPhoneSimulator
		{CB8C4637-189A-41DB-81D8-86F6525A72C6}.Release|x64.ActiveCfg = Release|iPhoneSimulator
		{CB8C4637-189A-41DB-81D8-86F6525A72C6}.Release|x64.Build.0 = Release|iPhoneSimulator
		{CB8C4637-189A-41DB-81D8-86F6525A72C6}.Release|x64.Deploy.0 = Release|iPhoneSimulator
		{CB8C4637-189A-41DB-81D8-86F6525A72C6}.Release|x86.ActiveCfg = Release|iPhoneSimulator
		{CB8C4637-189A-41DB-81D8-86F6525A72C6}.Release|x86.Build.0 = Release|iPhoneSimulator
		{CB8C4637-189A-41DB-81D8-86F6525A72C6}.Release|x86.Deploy.0 = Release|iPhoneSimulator
		{8CF08347-21CC-4392-AD9E-3175196BAA1C}.Debug|Any CPU.ActiveCfg = Debug|Any CPU
		{8CF08347-21CC-4392-AD9E-3175196BAA1C}.Debug|Any CPU.Build.0 = Debug|Any CPU
		{8CF08347-21CC-4392-AD9E-3175196BAA1C}.Debug|Any CPU.Deploy.0 = Debug|Any CPU
		{8CF08347-21CC-4392-AD9E-3175196BAA1C}.Debug|ARM.ActiveCfg = Debug|Any CPU
		{8CF08347-21CC-4392-AD9E-3175196BAA1C}.Debug|ARM.Build.0 = Debug|Any CPU
		{8CF08347-21CC-4392-AD9E-3175196BAA1C}.Debug|ARM.Deploy.0 = Debug|Any CPU
		{8CF08347-21CC-4392-AD9E-3175196BAA1C}.Debug|iPhone.ActiveCfg = Debug|Any CPU
		{8CF08347-21CC-4392-AD9E-3175196BAA1C}.Debug|iPhone.Build.0 = Debug|Any CPU
		{8CF08347-21CC-4392-AD9E-3175196BAA1C}.Debug|iPhone.Deploy.0 = Debug|Any CPU
		{8CF08347-21CC-4392-AD9E-3175196BAA1C}.Debug|iPhoneSimulator.ActiveCfg = Debug|Any CPU
		{8CF08347-21CC-4392-AD9E-3175196BAA1C}.Debug|iPhoneSimulator.Build.0 = Debug|Any CPU
		{8CF08347-21CC-4392-AD9E-3175196BAA1C}.Debug|iPhoneSimulator.Deploy.0 = Debug|Any CPU
		{8CF08347-21CC-4392-AD9E-3175196BAA1C}.Debug|x64.ActiveCfg = Debug|Any CPU
		{8CF08347-21CC-4392-AD9E-3175196BAA1C}.Debug|x64.Build.0 = Debug|Any CPU
		{8CF08347-21CC-4392-AD9E-3175196BAA1C}.Debug|x64.Deploy.0 = Debug|Any CPU
		{8CF08347-21CC-4392-AD9E-3175196BAA1C}.Debug|x86.ActiveCfg = Debug|Any CPU
		{8CF08347-21CC-4392-AD9E-3175196BAA1C}.Debug|x86.Build.0 = Debug|Any CPU
		{8CF08347-21CC-4392-AD9E-3175196BAA1C}.Debug|x86.Deploy.0 = Debug|Any CPU
		{8CF08347-21CC-4392-AD9E-3175196BAA1C}.Release|Any CPU.ActiveCfg = Release|Any CPU
		{8CF08347-21CC-4392-AD9E-3175196BAA1C}.Release|Any CPU.Build.0 = Release|Any CPU
		{8CF08347-21CC-4392-AD9E-3175196BAA1C}.Release|Any CPU.Deploy.0 = Release|Any CPU
		{8CF08347-21CC-4392-AD9E-3175196BAA1C}.Release|ARM.ActiveCfg = Release|Any CPU
		{8CF08347-21CC-4392-AD9E-3175196BAA1C}.Release|ARM.Build.0 = Release|Any CPU
		{8CF08347-21CC-4392-AD9E-3175196BAA1C}.Release|ARM.Deploy.0 = Release|Any CPU
		{8CF08347-21CC-4392-AD9E-3175196BAA1C}.Release|iPhone.ActiveCfg = Release|Any CPU
		{8CF08347-21CC-4392-AD9E-3175196BAA1C}.Release|iPhone.Build.0 = Release|Any CPU
		{8CF08347-21CC-4392-AD9E-3175196BAA1C}.Release|iPhone.Deploy.0 = Release|Any CPU
		{8CF08347-21CC-4392-AD9E-3175196BAA1C}.Release|iPhoneSimulator.ActiveCfg = Release|Any CPU
		{8CF08347-21CC-4392-AD9E-3175196BAA1C}.Release|iPhoneSimulator.Build.0 = Release|Any CPU
		{8CF08347-21CC-4392-AD9E-3175196BAA1C}.Release|iPhoneSimulator.Deploy.0 = Release|Any CPU
		{8CF08347-21CC-4392-AD9E-3175196BAA1C}.Release|x64.ActiveCfg = Release|Any CPU
		{8CF08347-21CC-4392-AD9E-3175196BAA1C}.Release|x64.Build.0 = Release|Any CPU
		{8CF08347-21CC-4392-AD9E-3175196BAA1C}.Release|x64.Deploy.0 = Release|Any CPU
		{8CF08347-21CC-4392-AD9E-3175196BAA1C}.Release|x86.ActiveCfg = Release|Any CPU
		{8CF08347-21CC-4392-AD9E-3175196BAA1C}.Release|x86.Build.0 = Release|Any CPU
		{8CF08347-21CC-4392-AD9E-3175196BAA1C}.Release|x86.Deploy.0 = Release|Any CPU
	EndGlobalSection
	GlobalSection(SolutionProperties) = preSolution
		HideSolutionNode = FALSE
	EndGlobalSection
	GlobalSection(ExtensibilityGlobals) = postSolution
		SolutionGuid = {8AFCD446-1A90-41F9-A1E2-FED75A2FC20C}
	EndGlobalSection
EndGlobal
